
Microsoft Visual Studio Solution File, Format Version 12.00
# Visual Studio 14
VisualStudioVersion = 14.0.25420.1
MinimumVisualStudioVersion = 10.0.40219.1
Project("{FAE04EC0-301F-11D3-BF4B-00C04F79EFBC}") = "CABISP.Helper", "CABISP.Helper\CABISP.Helper.csproj", "{78ECAD9D-4B50-4A2C-B832-30D088EC4FC3}"
EndProject
Project("{FAE04EC0-301F-11D3-BF4B-00C04F79EFBC}") = "CABISP.Helper.Data", "CABISP.Helper.Data\CABISP.Helper.Data.csproj", "{3BDABF74-9A1C-4FBB-8A74-EDC17E8BC3E3}"
EndProject
Global
	GlobalSection(SolutionConfigurationPlatforms) = preSolution
		Debug|Any CPU = Debug|Any CPU
		Release|Any CPU = Release|Any CPU
	EndGlobalSection
	GlobalSection(ProjectConfigurationPlatforms) = postSolution
		{78ECAD9D-4B50-4A2C-B832-30D088EC4FC3}.Debug|Any CPU.ActiveCfg = Debug|Any CPU
		{78ECAD9D-4B50-4A2C-B832-30D088EC4FC3}.Debug|Any CPU.Build.0 = Debug|Any CPU
		{78ECAD9D-4B50-4A2C-B832-30D088EC4FC3}.Release|Any CPU.ActiveCfg = Release|Any CPU
		{78ECAD9D-4B50-4A2C-B832-30D088EC4FC3}.Release|Any CPU.Build.0 = Release|Any CPU
		{3BDABF74-9A1C-4FBB-8A74-EDC17E8BC3E3}.Debug|Any CPU.ActiveCfg = Debug|Any CPU
		{3BDABF74-9A1C-4FBB-8A74-EDC17E8BC3E3}.Debug|Any CPU.Build.0 = Debug|Any CPU
		{3BDABF74-9A1C-4FBB-8A74-EDC17E8BC3E3}.Release|Any CPU.ActiveCfg = Release|Any CPU
		{3BDABF74-9A1C-4FBB-8A74-EDC17E8BC3E3}.Release|Any CPU.Build.0 = Release|Any CPU
	EndGlobalSection
	GlobalSection(SolutionProperties) = preSolution
		HideSolutionNode = FALSE
	EndGlobalSection
EndGlobal
